
Microsoft Visual Studio Solution File, Format Version 12.00
# Visual Studio Version 16
VisualStudioVersion = 16.0.33214.272
MinimumVisualStudioVersion = 10.0.40219.1
Project("{FAE04EC0-301F-11D3-BF4B-00C04F79EFBC}") = "SendNotificationExpiryInventoryDailyScheduler", "SendNotificationExpiryInventoryDailyScheduler\SendNotificationExpiryInventoryDailyScheduler.csproj", "{81A99564-E112-4D67-8568-AB6917594BBF}"
EndProject
Global
	GlobalSection(SolutionConfigurationPlatforms) = preSolution
		Debug|Any CPU = Debug|Any CPU
		Release|Any CPU = Release|Any CPU
	EndGlobalSection
	GlobalSection(ProjectConfigurationPlatforms) = postSolution
		{81A99564-E112-4D67-8568-AB6917594BBF}.Debug|Any CPU.ActiveCfg = Debug|Any CPU
		{81A99564-E112-4D67-8568-AB6917594BBF}.Debug|Any CPU.Build.0 = Debug|Any CPU
		{81A99564-E112-4D67-8568-AB6917594BBF}.Release|Any CPU.ActiveCfg = Release|Any CPU
		{81A99564-E112-4D67-8568-AB6917594BBF}.Release|Any CPU.Build.0 = Release|Any CPU
	EndGlobalSection
	GlobalSection(SolutionProperties) = preSolution
		HideSolutionNode = FALSE
	EndGlobalSection
	GlobalSection(ExtensibilityGlobals) = postSolution
		SolutionGuid = {119E0536-97A6-45E2-A414-2E82E69133A2}
	EndGlobalSection
EndGlobal
